
Microsoft Visual Studio Solution File, Format Version 12.00
# Visual Studio Version 16
VisualStudioVersion = 16.0.30413.136
MinimumVisualStudioVersion = 10.0.40219.1
Project("{9A19103F-16F7-4668-BE54-9A1E7A4F7556}") = "CloneAndRenameFiles.Win", "CloneAndRenameFiles.Win\CloneAndRenameFiles.Win.csproj", "{C69464FF-B0EF-4AAD-AF5E-84CA1606C15B}"
EndProject
Global
	GlobalSection(SolutionConfigurationPlatforms) = preSolution
		Debug|Any CPU = Debug|Any CPU
		Release|Any CPU = Release|Any CPU
	EndGlobalSection
	GlobalSection(ProjectConfigurationPlatforms) = postSolution
		{C69464FF-B0EF-4AAD-AF5E-84CA1606C15B}.Debug|Any CPU.ActiveCfg = Debug|Any CPU
		{C69464FF-B0EF-4AAD-AF5E-84CA1606C15B}.Debug|Any CPU.Build.0 = Debug|Any CPU
		{C69464FF-B0EF-4AAD-AF5E-84CA1606C15B}.Release|Any CPU.ActiveCfg = Release|Any CPU
		{C69464FF-B0EF-4AAD-AF5E-84CA1606C15B}.Release|Any CPU.Build.0 = Release|Any CPU
	EndGlobalSection
	GlobalSection(SolutionProperties) = preSolution
		HideSolutionNode = FALSE
	EndGlobalSection
	GlobalSection(ExtensibilityGlobals) = postSolution
		SolutionGuid = {64CF218E-16F5-43D8-8505-6D9D769CB626}
	EndGlobalSection
EndGlobal
